PODS:
  - Alamofire (4.7.2)
  - Keys (1.0.1)
  - Nimble (7.1.1)
  - ObjectMapper (3.2.0)
  - Quick (1.3.0)

DEPENDENCIES:
  - Alamofire (~> 4.7.2)
  - Keys (from `Pods/CocoaPodsKeys`)
  - Nimble (~> 7.1.1)
  - ObjectMapper (~> 3.2.0)
  - Quick (~> 1.3.0)

EXTERNAL SOURCES:
  Keys:
    :path: Pods/CocoaPodsKeys

SPEC CHECKSUMS:
  Alamofire: e4fa87002c137ba2d8d634d2c51fabcda0d5c223
  Keys: a576f4c9c1c641ca913a959a9c62ed3f215a8de9
  Nimble: 391f07782af4b37914f9bd7b2ffbb952731b8202
  ObjectMapper: 5cccd2de6f253eda859df8116a5a554d9769e859
  Quick: 03278013f71aa05fe9ecabc94fbcc6835f1ee76f

PODFILE CHECKSUM: d90e054ccc33628eb40c302ac01f0bf82bba3865

COCOAPODS: 1.4.0
